
Microsoft Visual Studio Solution File, Format Version 12.00
# Visual Studio 15
VisualStudioVersion = 15.0.27428.2043
MinimumVisualStudioVersion = 10.0.40219.1
Project("{FAE04EC0-301F-11D3-BF4B-00C04F79EFBC}") = "MidTermCarLot", "MidTermCarLot\MidTermCarLot.csproj", "{E9CC07B9-83F6-49CD-9D47-67CA1854FDD7}"
EndProject
Project("{2150E333-8FDC-42A3-9474-1A3956D46DE8}") = "Solution Items", "Solution Items", "{02BE5228-7F38-4B63-B3A2-2F7BA5082F32}"
	ProjectSection(SolutionItems) = preProject
		.gitignore = .gitignore
	EndProjectSection
EndProject
Global
	GlobalSection(SolutionConfigurationPlatforms) = preSolution
		Debug|Any CPU = Debug|Any CPU
		Release|Any CPU = Release|Any CPU
	EndGlobalSection
	GlobalSection(ProjectConfigurationPlatforms) = postSolution
		{E9CC07B9-83F6-49CD-9D47-67CA1854FDD7}.Debug|Any CPU.ActiveCfg = Debug|Any CPU
		{E9CC07B9-83F6-49CD-9D47-67CA1854FDD7}.Debug|Any CPU.Build.0 = Debug|Any CPU
		{E9CC07B9-83F6-49CD-9D47-67CA1854FDD7}.Release|Any CPU.ActiveCfg = Release|Any CPU
		{E9CC07B9-83F6-49CD-9D47-67CA1854FDD7}.Release|Any CPU.Build.0 = Release|Any CPU
	EndGlobalSection
	GlobalSection(SolutionProperties) = preSolution
		HideSolutionNode = FALSE
	EndGlobalSection
	GlobalSection(ExtensibilityGlobals) = postSolution
		SolutionGuid = {056F077F-16C1-4666-A2A9-D5F5B5E55EE4}
	EndGlobalSection
EndGlobal
